github.com/davecgh/go-spew v1.1.1 h1:vj9j/u1bqnvCEfJOwUhtlOARqs3+rkHYY13jYWTU97c=
github.com/davecgh/go-spew v1.1.1/go.mod h1:J7Y8YcW2NihsgmVo/mv3lAwl/skON4iLHjSsI+c5H38=
github.com/jpl-au/chain v0.1.1 h1:uG9SnMswbiGb3WFVwrM2B6LNhIZvH2cmbWHGWg6qj0k=
github.com/jpl-au/chain v0.1.1/go.mod h1:8QebLCICdoF101FfiobEIndqgh3Yrljqb4EEQLyG/Qc=
github.com/jpl-au/fluent v0.2.1 h1:9eOptkybDBQPK8w6hYWGYO5Wj5l60/lDMGQgneRRbBA=
github.com/jpl-au/fluent v0.2.1/go.mod h1:Iptw7Q1CEBYMWKUTo5K9RpWjlpgDltRc3eHdUehPNIE=
github.com/jpl-au/fluent-jit v0.2.1 h1:3gqna+RR+Ml3LWjF6GVL0OE+nOdC0swZ7Uc2KANe/aA=
github.com/jpl-au/fluent-jit v0.2.1/go.mod h1:G1Du/xxHhmnU6lI5YR8jdRWxioH8VJt9BdM1STBFsl8=
github.com/klauspost/compress v1.17.9 h1:6KIumPrER1LHsvBVuDa0r5xaG0Es51mhhB9BQB2qeMA=
github.com/klauspost/compress v1.17.9/go.mod h1:Di0epgTjJY877eYKx5yC51cX2A2Vl2ibi7bDH9ttBbw=
github.com/lxzan/gws v1.9.0 h1:my3sfqb0GjwP+gRONjNWVzcBrpud0IP3vj9soIt9pXo=
github.com/lxzan/gws v1.9.0/go.mod h1:gXHSCPmTGryWJ4icuqy8Yho32E4YIMHH0fkDRYJRbdc=
github.com/pmezard/go-difflib v1.0.0 h1:4DBwDE0NGyQoBHbLQYPwSUPoCMWR5BEzIk/f1lZbAQM=
github.com/pmezard/go-difflib v1.0.0/go.mod h1:iKH77koFhYxTK1pcRnkKkqfTogsbg7gZNVY4sRDYZ/4=
github.com/stretchr/testify v1.8.4 h1:CcVxjf3Q8PM0mHUKJCdn+eZZtm5yQwehR5yeSVQQcUk=
github.com/stretchr/testify v1.8.4/go.mod h1:sz/lmYIOXD/1dqDmKjjqLyZ2RngseejIcXlSw2iwfAo=
gopkg.in/yaml.v3 v3.0.1 h1:fxVm/GzAzEWqLHuvctI91KS9hhNmmWOoWu0XTYJS7CA=
gopkg.in/yaml.v3 v3.0.1/go.mod h1:K4uyk7z7BCEPqu6E+C64Yfv1cQ7kz7rIZviUmN+EgEM=
