github.com/aymerick/douceur v0.2.0 h1:Mv+mAeH1Q+n9Fr+oyamOlAkUNPWPlA8PPGR0QAaYuPk=
github.com/aymerick/douceur v0.2.0/go.mod h1:wlT5vV2O3h55X9m7iVYN0TBM0NH/MmbLnd30/FjWUq4=
github.com/davecgh/go-spew v1.1.1 h1:vj9j/u1bqnvCEfJOwUhtlOARqs3+rkHYY13jYWTU97c=
github.com/davecgh/go-spew v1.1.1/go.mod h1:J7Y8YcW2NihsgmVo/mv3lAwl/skON4iLHjSsI+c5H38=
github.com/gorilla/css v1.0.1 h1:ntNaBIghp6JmvWnxbZKANoLyuXTPZ4cAMlo6RyhlbO8=
github.com/gorilla/css v1.0.1/go.mod h1:BvnYkspnSzMmwRK+b8/xgNPLiIuNZr6vbZBTPQ2A3b0=
github.com/jpl-au/chain v0.1.1 h1:uG9SnMswbiGb3WFVwrM2B6LNhIZvH2cmbWHGWg6qj0k=
github.com/jpl-au/chain v0.1.1/go.mod h1:8QebLCICdoF101FfiobEIndqgh3Yrljqb4EEQLyG/Qc=
github.com/jpl-au/fluent v0.5.0 h1:eQmzU8zixbF6m8FLIRwZKsbVMeCq5GLAoQDcXj10yaM=
github.com/jpl-au/fluent v0.5.0/go.mod h1:Iptw7Q1CEBYMWKUTo5K9RpWjlpgDltRc3eHdUehPNIE=
github.com/jpl-au/fluent-jit v0.5.0 h1:PcJHCEpXlBQVEs8tx+VF8uG38AaMlc+BWbukJOfeQRE=
github.com/jpl-au/fluent-jit v0.5.0/go.mod h1:nPfNrufJ1zhsFvFU/SfOAqiTIPxO709CVaL0Rjd700c=
github.com/jpl-au/fluent-security v0.5.0 h1:Y1yY0rHvQ16KrqmcpD4z5WcGd9F+SM/ViWvlfH10ZCk=
github.com/jpl-au/fluent-security v0.5.0/go.mod h1:2F8JSlwVO/L1dMREfqGg0Az6YLrDzZw2vS7JKNPGwF4=
github.com/klauspost/compress v1.19.0 h1:sXLILfc9jV2QYWkzFOPWStmcUVH2RHEB1JCdY2oVvCQ=
github.com/klauspost/compress v1.19.0/go.mod h1:cwPg85FWrGar70rWktvGQj8/hthj3wpl0PGDogxkrSQ=
github.com/lxzan/gws v1.9.1 h1:4lbIp4cW0hOLP3ejFHR/uWRy741AURx7oKkNNi2OT9o=
github.com/lxzan/gws v1.9.1/go.mod h1:gXHSCPmTGryWJ4icuqy8Yho32E4YIMHH0fkDRYJRbdc=
github.com/microcosm-cc/bluemonday v1.0.27 h1:MpEUotklkwCSLeH+Qdx1VJgNqLlpY2KXwXFM08ygZfk=
github.com/microcosm-cc/bluemonday v1.0.27/go.mod h1:jFi9vgW+H7c3V0lb6nR74Ib/DIB5OBs92Dimizgw2cA=
github.com/pmezard/go-difflib v1.0.0 h1:4DBwDE0NGyQoBHbLQYPwSUPoCMWR5BEzIk/f1lZbAQM=
github.com/pmezard/go-difflib v1.0.0/go.mod h1:iKH77koFhYxTK1pcRnkKkqfTogsbg7gZNVY4sRDYZ/4=
github.com/stretchr/testify v1.8.4 h1:CcVxjf3Q8PM0mHUKJCdn+eZZtm5yQwehR5yeSVQQcUk=
github.com/stretchr/testify v1.8.4/go.mod h1:sz/lmYIOXD/1dqDmKjjqLyZ2RngseejIcXlSw2iwfAo=
golang.org/x/net v0.58.0 h1:ynWG7rqYi4ccpTEuPZ2QGWHktVEM9DMCj9yzDE0Q7To=
golang.org/x/net v0.58.0/go.mod h1:YwCddHnFlT7eLQqVprV19OnhLGtc5xOKgE0RyqgfWAU=
gopkg.in/yaml.v3 v3.0.1 h1:fxVm/GzAzEWqLHuvctI91KS9hhNmmWOoWu0XTYJS7CA=
gopkg.in/yaml.v3 v3.0.1/go.mod h1:K4uyk7z7BCEPqu6E+C64Yfv1cQ7kz7rIZviUmN+EgEM=
